
Microsoft Visual Studio Solution File, Format Version 12.00
# Visual Studio 15
VisualStudioVersion = 15.0.27130.2027
MinimumVisualStudioVersion = 10.0.40219.1
Project("{888888A0-9F3D-457C-B088-3A5042F75D52}") = "Lab1", "Lab1.pyproj", "{705FBCD6-FEFB-4C7A-8C0E-7AEC61FBBD80}"
EndProject
Global
	GlobalSection(SolutionConfigurationPlatforms) = preSolution
		Debug|Any CPU = Debug|Any CPU
		Release|Any CPU = Release|Any CPU
	EndGlobalSection
	GlobalSection(ProjectConfigurationPlatforms) = postSolution
		{705FBCD6-FEFB-4C7A-8C0E-7AEC61FBBD80}.Debug|Any CPU.ActiveCfg = Debug|Any CPU
		{705FBCD6-FEFB-4C7A-8C0E-7AEC61FBBD80}.Release|Any CPU.ActiveCfg = Release|Any CPU
	EndGlobalSection
	GlobalSection(SolutionProperties) = preSolution
		HideSolutionNode = FALSE
	EndGlobalSection
	GlobalSection(ExtensibilityGlobals) = postSolution
		SolutionGuid = {4B9743E7-120D-46D9-8910-8D5D4D12C701}
	EndGlobalSection
EndGlobal
